
Microsoft Visual Studio Solution File, Format Version 12.00
# Visual Studio Version 17
VisualStudioVersion = 17.7.34302.85
MinimumVisualStudioVersion = 10.0.40219.1
Project("{FAE04EC0-301F-11D3-BF4B-00C04F79EFBC}") = "form", "form\form.csproj", "{20AB534D-4241-49C5-A301-3D8BF786AD76}"
EndProject
Project("{FAE04EC0-301F-11D3-BF4B-00C04F79EFBC}") = "WinFormsApp1", "WinFormsApp1\WinFormsApp1.csproj", "{7A775515-0978-4B6C-8F9E-4900429772B6}"
EndProject
Global
	GlobalSection(SolutionConfigurationPlatforms) = preSolution
		Debug|Any CPU = Debug|Any CPU
		Release|Any CPU = Release|Any CPU
	EndGlobalSection
	GlobalSection(ProjectConfigurationPlatforms) = postSolution
		{20AB534D-4241-49C5-A301-3D8BF786AD76}.Debug|Any CPU.ActiveCfg = Debug|Any CPU
		{20AB534D-4241-49C5-A301-3D8BF786AD76}.Debug|Any CPU.Build.0 = Debug|Any CPU
		{20AB534D-4241-49C5-A301-3D8BF786AD76}.Release|Any CPU.ActiveCfg = Release|Any CPU
		{20AB534D-4241-49C5-A301-3D8BF786AD76}.Release|Any CPU.Build.0 = Release|Any CPU
		{7A775515-0978-4B6C-8F9E-4900429772B6}.Debug|Any CPU.ActiveCfg = Debug|Any CPU
		{7A775515-0978-4B6C-8F9E-4900429772B6}.Debug|Any CPU.Build.0 = Debug|Any CPU
		{7A775515-0978-4B6C-8F9E-4900429772B6}.Release|Any CPU.ActiveCfg = Release|Any CPU
		{7A775515-0978-4B6C-8F9E-4900429772B6}.Release|Any CPU.Build.0 = Release|Any CPU
	EndGlobalSection
	GlobalSection(SolutionProperties) = preSolution
		HideSolutionNode = FALSE
	EndGlobalSection
	GlobalSection(ExtensibilityGlobals) = postSolution
		SolutionGuid = {294C57D1-C13C-493A-BFC2-A3FCD786766A}
	EndGlobalSection
EndGlobal
